<?xml version="1.0" encoding="utf-8"?>
<Project ToolsVersion="4.0" xmlns="http://schemas.microsoft.com/developer/msbuild/2003">
  <ItemGroup>
    <Filter Include="소스 파일">
      <UniqueIdentifier>{4FC737F1-C7A5-4376-A066-2A32D752A2FF}</UniqueIdentifier>
      <Extensions>cpp;c;cc;cxx;c++;cppm;ixx;def;odl;idl;hpj;bat;asm;asmx</Extensions>
    </Filter>
    <Filter Include="헤더 파일">
      <UniqueIdentifier>{93995380-89BD-4b04-88EB-625FBE52EBFB}</UniqueIdentifier>
      <Extensions>h;hh;hpp;hxx;h++;hm;inl;inc;ipp;xsd</Extensions>
    </Filter>
    <Filter Include="리소스 파일">
      <UniqueIdentifier>{67DA6AB6-F800-4c08-8B7A-83BB121AAD01}</UniqueIdentifier>
      <Extensions>rc;ico;cur;bmp;dlg;rc2;rct;bin;rgs;gif;jpg;jpeg;jpe;resx;tiff;tif;png;wav;mfcribbon-ms</Extensions>
    </Filter>
  </ItemGroup>
  <ItemGroup>
    <ClInclude Include="framework.h">
      <Filter>헤더 파일</Filter>
    </ClInclude>
    <ClInclude Include="__Others\targetver.h">
      <Filter>헤더 파일</Filter>
    </ClInclude>
    <ClInclude Include="__Others\Resource.h">
      <Filter>헤더 파일</Filter>
    </ClInclude>
    <ClInclude Include="Main.h">
      <Filter>헤더 파일</Filter>
    </ClInclude>
    <ClInclude Include="Utility\Singleton.h">
      <Filter>헤더 파일</Filter>
    </ClInclude>
    <ClInclude Include="Math\Vector3.h">
      <Filter>헤더 파일</Filter>
    </ClInclude>
    <ClInclude Include="System\Device.h">
      <Filter>헤더 파일</Filter>
    </ClInclude>
    <ClInclude Include="Defines.h">
      <Filter>헤더 파일</Filter>
    </ClInclude>
    <ClInclude Include="Program.h">
      <Filter>헤더 파일</Filter>
    </ClInclude>
    <ClInclude Include="Scene\Scene.h">
      <Filter>헤더 파일</Filter>
    </ClInclude>
    <ClInclude Include="Scene\MainScene.h">
      <Filter>헤더 파일</Filter>
    </ClInclude>
    <ClInclude Include="Render\Material.h">
      <Filter>헤더 파일</Filter>
    </ClInclude>
    <ClInclude Include="Render\Mesh.h">
      <Filter>헤더 파일</Filter>
    </ClInclude>
    <ClInclude Include="Render\Buffer\VertexLayout.h">
      <Filter>헤더 파일</Filter>
    </ClInclude>
    <ClInclude Include="Render\Buffer\ConstantBuffer.h">
      <Filter>헤더 파일</Filter>
    </ClInclude>
    <ClInclude Include="Render\Buffer\GlobalBuffer.h">
      <Filter>헤더 파일</Filter>
    </ClInclude>
    <ClInclude Include="Render\Buffer\VertexBuffer.h">
      <Filter>헤더 파일</Filter>
    </ClInclude>
    <ClInclude Include="Render\Buffer\IndexBuffer.h">
      <Filter>헤더 파일</Filter>
    </ClInclude>
    <ClInclude Include="Render\Shader\Shader.h">
      <Filter>헤더 파일</Filter>
    </ClInclude>
    <ClInclude Include="Render\Shader\VertexShader.h">
      <Filter>헤더 파일</Filter>
    </ClInclude>
    <ClInclude Include="Render\Shader\PixelShader.h">
      <Filter>헤더 파일</Filter>
    </ClInclude>
    <ClInclude Include="Object\Transform.h">
      <Filter>헤더 파일</Filter>
    </ClInclude>
    <ClInclude Include="Object\Basic\Cube.h">
      <Filter>헤더 파일</Filter>
    </ClInclude>
    <ClInclude Include="System\Environment.h">
      <Filter>헤더 파일</Filter>
    </ClInclude>
    <ClInclude Include="System\Camera.h">
      <Filter>헤더 파일</Filter>
    </ClInclude>
    <ClInclude Include="Utility\Time.h">
      <Filter>헤더 파일</Filter>
    </ClInclude>
    <ClInclude Include="Utility\Keyboard.h">
      <Filter>헤더 파일</Filter>
    </ClInclude>
    <ClInclude Include="Render\State\RasterizerState.h">
      <Filter>헤더 파일</Filter>
    </ClInclude>
    <ClInclude Include="_Include\DirectXTex.h">
      <Filter>헤더 파일</Filter>
    </ClInclude>
    <ClInclude Include="Render\State\SamplerState.h">
      <Filter>헤더 파일</Filter>
    </ClInclude>
    <ClInclude Include="Render\State\StateManager.h">
      <Filter>헤더 파일</Filter>
    </ClInclude>
    <ClInclude Include="Render\Texture\Texture.h">
      <Filter>헤더 파일</Filter>
    </ClInclude>
    <ClInclude Include="Object\Basic\Quad.h">
      <Filter>헤더 파일</Filter>
    </ClInclude>
    <ClInclude Include="Object\Terrain\Terrain.h">
      <Filter>헤더 파일</Filter>
    </ClInclude>
    <ClInclude Include="Object\Basic\TextureCube.h">
      <Filter>헤더 파일</Filter>
    </ClInclude>
    <ClInclude Include="Object\Basic\Sphere.h">
      <Filter>헤더 파일</Filter>
    </ClInclude>
    <ClInclude Include="Render\Shader\ComputeShader.h">
      <Filter>헤더 파일</Filter>
    </ClInclude>
    <ClInclude Include="Render\Buffer\StructuredBuffer.h">
      <Filter>헤더 파일</Filter>
    </ClInclude>
    <ClInclude Include="Collider\Collider.h">
      <Filter>헤더 파일</Filter>
    </ClInclude>
    <ClInclude Include="Collider\ColliderSphere.h">
      <Filter>헤더 파일</Filter>
    </ClInclude>
    <ClInclude Include="Collider\ColliderBox.h">
      <Filter>헤더 파일</Filter>
    </ClInclude>
    <ClInclude Include="Utility\BinaryReader.h">
      <Filter>헤더 파일</Filter>
    </ClInclude>
    <ClInclude Include="Utility\BinaryWriter.h">
      <Filter>헤더 파일</Filter>
    </ClInclude>
    <ClInclude Include="Utility\Utility.h">
      <Filter>헤더 파일</Filter>
    </ClInclude>
    <ClInclude Include="Model\ModelReader.h">
      <Filter>헤더 파일</Filter>
    </ClInclude>
    <ClInclude Include="Model\ModelMesh.h">
      <Filter>헤더 파일</Filter>
    </ClInclude>
    <ClInclude Include="ModelExport\ModelType.h">
      <Filter>헤더 파일</Filter>
    </ClInclude>
    <ClInclude Include="ModelExport\ModelExporter.h">
      <Filter>헤더 파일</Filter>
    </ClInclude>
  </ItemGroup>
  <ItemGroup>
    <ClCompile Include="Main.cpp">
      <Filter>소스 파일</Filter>
    </ClCompile>
    <ClCompile Include="Utility\Singleton.cpp">
      <Filter>소스 파일</Filter>
    </ClCompile>
    <ClCompile Include="framework.cpp">
      <Filter>소스 파일</Filter>
    </ClCompile>
    <ClCompile Include="Math\Vector3.cpp">
      <Filter>소스 파일</Filter>
    </ClCompile>
    <ClCompile Include="System\Device.cpp">
      <Filter>소스 파일</Filter>
    </ClCompile>
    <ClCompile Include="Program.cpp">
      <Filter>소스 파일</Filter>
    </ClCompile>
    <ClCompile Include="Scene\Scene.cpp">
      <Filter>소스 파일</Filter>
    </ClCompile>
    <ClCompile Include="Scene\MainScene.cpp">
      <Filter>소스 파일</Filter>
    </ClCompile>
    <ClCompile Include="Render\Material.cpp">
      <Filter>소스 파일</Filter>
    </ClCompile>
    <ClCompile Include="Render\Mesh.cpp">
      <Filter>소스 파일</Filter>
    </ClCompile>
    <ClCompile Include="Render\Buffer\ConstantBuffer.cpp">
      <Filter>소스 파일</Filter>
    </ClCompile>
    <ClCompile Include="Render\Buffer\VertexBuffer.cpp">
      <Filter>소스 파일</Filter>
    </ClCompile>
    <ClCompile Include="Render\Buffer\IndexBuffer.cpp">
      <Filter>소스 파일</Filter>
    </ClCompile>
    <ClCompile Include="Render\Shader\Shader.cpp">
      <Filter>소스 파일</Filter>
    </ClCompile>
    <ClCompile Include="Render\Shader\VertexShader.cpp">
      <Filter>소스 파일</Filter>
    </ClCompile>
    <ClCompile Include="Render\Shader\PixelShader.cpp">
      <Filter>소스 파일</Filter>
    </ClCompile>
    <ClCompile Include="Object\Transform.cpp">
      <Filter>소스 파일</Filter>
    </ClCompile>
    <ClCompile Include="Object\Basic\Cube.cpp">
      <Filter>소스 파일</Filter>
    </ClCompile>
    <ClCompile Include="System\Environment.cpp">
      <Filter>소스 파일</Filter>
    </ClCompile>
    <ClCompile Include="System\Camera.cpp">
      <Filter>소스 파일</Filter>
    </ClCompile>
    <ClCompile Include="Utility\Time.cpp">
      <Filter>소스 파일</Filter>
    </ClCompile>
    <ClCompile Include="Utility\Keyboard.cpp">
      <Filter>소스 파일</Filter>
    </ClCompile>
    <ClCompile Include="Render\State\RasterizerState.cpp">
      <Filter>소스 파일</Filter>
    </ClCompile>
    <ClCompile Include="Render\State\SamplerState.cpp">
      <Filter>소스 파일</Filter>
    </ClCompile>
    <ClCompile Include="Render\State\StateManager.cpp">
      <Filter>소스 파일</Filter>
    </ClCompile>
    <ClCompile Include="Render\Texture\Texture.cpp">
      <Filter>소스 파일</Filter>
    </ClCompile>
    <ClCompile Include="Object\Basic\Quad.cpp">
      <Filter>소스 파일</Filter>
    </ClCompile>
    <ClCompile Include="Object\Terrain\Terrain.cpp">
      <Filter>소스 파일</Filter>
    </ClCompile>
    <ClCompile Include="Object\Basic\TextureCube.cpp">
      <Filter>소스 파일</Filter>
    </ClCompile>
    <ClCompile Include="Object\Basic\Sphere.cpp">
      <Filter>소스 파일</Filter>
    </ClCompile>
    <ClCompile Include="Render\Shader\ComputeShader.cpp">
      <Filter>소스 파일</Filter>
    </ClCompile>
    <ClCompile Include="Render\Buffer\StructuredBuffer.cpp">
      <Filter>소스 파일</Filter>
    </ClCompile>
    <ClCompile Include="Collider\Collider.cpp">
      <Filter>소스 파일</Filter>
    </ClCompile>
    <ClCompile Include="Collider\ColliderSphere.cpp">
      <Filter>소스 파일</Filter>
    </ClCompile>
    <ClCompile Include="Collider\ColliderBox.cpp">
      <Filter>소스 파일</Filter>
    </ClCompile>
    <ClCompile Include="Utility\BinaryReader.cpp">
      <Filter>소스 파일</Filter>
    </ClCompile>
    <ClCompile Include="Utility\BinaryWriter.cpp">
      <Filter>소스 파일</Filter>
    </ClCompile>
    <ClCompile Include="Utility\Utility.cpp">
      <Filter>소스 파일</Filter>
    </ClCompile>
    <ClCompile Include="Model\ModelReader.cpp">
      <Filter>소스 파일</Filter>
    </ClCompile>
    <ClCompile Include="Model\ModelMesh.cpp">
      <Filter>소스 파일</Filter>
    </ClCompile>
    <ClCompile Include="ModelExport\ModelExporter.cpp">
      <Filter>소스 파일</Filter>
    </ClCompile>
  </ItemGroup>
  <ItemGroup>
    <ResourceCompile Include="__Others\DX3DPortfolio.rc">
      <Filter>리소스 파일</Filter>
    </ResourceCompile>
  </ItemGroup>
  <ItemGroup>
    <Image Include="__Others\small.ico">
      <Filter>리소스 파일</Filter>
    </Image>
    <Image Include="__Others\DX3DPortfolio.ico">
      <Filter>리소스 파일</Filter>
    </Image>
  </ItemGroup>
  <ItemGroup>
    <FxCompile Include="_Shader\VertexColor.hlsl" />
    <FxCompile Include="_Shader\PixelColor.hlsl" />
    <FxCompile Include="_Shader\VertexTexture.hlsl" />
    <FxCompile Include="_Shader\PixelTexture.hlsl" />
    <FxCompile Include="_Shader\VertexDefault.hlsl" />
    <FxCompile Include="_Shader\PixelDefault.hlsl" />
    <FxCompile Include="_Shader\ComputePicking.hlsl" />
    <FxCompile Include="_Shader\VertexCollider.hlsl" />
    <FxCompile Include="_Shader\PixelCollider.hlsl" />
  </ItemGroup>
  <ItemGroup>
    <Library Include="_Library\DirectXTex.lib" />
    <Library Include="_Library\assimp.lib" />
  </ItemGroup>
  <ItemGroup>
    <None Include="_Include\DirectXTex.inl">
      <Filter>헤더 파일</Filter>
    </None>
    <None Include="_Library\assimp-vc143-mtd.dll" />
  </ItemGroup>
</Project>